
Microsoft Visual Studio Solution File, Format Version 12.00
# Visual Studio Version 17
VisualStudioVersion = 17.4.33205.214
MinimumVisualStudioVersion = 10.0.40219.1
Project("{9A19103F-16F7-4668-BE54-9A1E7A4F7556}") = "TaskManager", "TaskManager\TaskManager.csproj", "{EB0A5FCA-0570-4B15-8BA9-2FC974BB552E}"
EndProject
Project("{00D1A9C2-B5F0-4AF3-8072-F6C62B433612}") = "TaskManagerDatabaase", "TaskManagerDatabaase\TaskManagerDatabaase.sqlproj", "{98D94D3F-F333-4C21-8562-A38F0B224518}"
EndProject
Project("{9A19103F-16F7-4668-BE54-9A1E7A4F7556}") = "LoggerService", "LoggerService\LoggerService.csproj", "{20A62790-CAD7-49AB-8AAA-2F49622E6799}"
EndProject
Project("{9A19103F-16F7-4668-BE54-9A1E7A4F7556}") = "Contracts", "Contracts\Contracts.csproj", "{731A8F74-9436-4FE1-8FA9-8FB4BDBC47EA}"
EndProject
Global
	GlobalSection(SolutionConfigurationPlatforms) = preSolution
		Debug|Any CPU = Debug|Any CPU
		Release|Any CPU = Release|Any CPU
	EndGlobalSection
	GlobalSection(ProjectConfigurationPlatforms) = postSolution
		{EB0A5FCA-0570-4B15-8BA9-2FC974BB552E}.Debug|Any CPU.ActiveCfg = Debug|Any CPU
		{EB0A5FCA-0570-4B15-8BA9-2FC974BB552E}.Debug|Any CPU.Build.0 = Debug|Any CPU
		{EB0A5FCA-0570-4B15-8BA9-2FC974BB552E}.Release|Any CPU.ActiveCfg = Release|Any CPU
		{EB0A5FCA-0570-4B15-8BA9-2FC974BB552E}.Release|Any CPU.Build.0 = Release|Any CPU
		{98D94D3F-F333-4C21-8562-A38F0B224518}.Debug|Any CPU.ActiveCfg = Debug|Any CPU
		{98D94D3F-F333-4C21-8562-A38F0B224518}.Debug|Any CPU.Build.0 = Debug|Any CPU
		{98D94D3F-F333-4C21-8562-A38F0B224518}.Debug|Any CPU.Deploy.0 = Debug|Any CPU
		{98D94D3F-F333-4C21-8562-A38F0B224518}.Release|Any CPU.ActiveCfg = Release|Any CPU
		{98D94D3F-F333-4C21-8562-A38F0B224518}.Release|Any CPU.Build.0 = Release|Any CPU
		{98D94D3F-F333-4C21-8562-A38F0B224518}.Release|Any CPU.Deploy.0 = Release|Any CPU
		{20A62790-CAD7-49AB-8AAA-2F49622E6799}.Debug|Any CPU.ActiveCfg = Debug|Any CPU
		{20A62790-CAD7-49AB-8AAA-2F49622E6799}.Debug|Any CPU.Build.0 = Debug|Any CPU
		{20A62790-CAD7-49AB-8AAA-2F49622E6799}.Release|Any CPU.ActiveCfg = Release|Any CPU
		{20A62790-CAD7-49AB-8AAA-2F49622E6799}.Release|Any CPU.Build.0 = Release|Any CPU
		{731A8F74-9436-4FE1-8FA9-8FB4BDBC47EA}.Debug|Any CPU.ActiveCfg = Debug|Any CPU
		{731A8F74-9436-4FE1-8FA9-8FB4BDBC47EA}.Debug|Any CPU.Build.0 = Debug|Any CPU
		{731A8F74-9436-4FE1-8FA9-8FB4BDBC47EA}.Release|Any CPU.ActiveCfg = Release|Any CPU
		{731A8F74-9436-4FE1-8FA9-8FB4BDBC47EA}.Release|Any CPU.Build.0 = Release|Any CPU
	EndGlobalSection
	GlobalSection(SolutionProperties) = preSolution
		HideSolutionNode = FALSE
	EndGlobalSection
	GlobalSection(ExtensibilityGlobals) = postSolution
		SolutionGuid = {313C056E-CDBF-424A-ADE6-F8E2E5526593}
	EndGlobalSection
EndGlobal
